
Microsoft Visual Studio Solution File, Format Version 12.00
# Visual Studio 14
VisualStudioVersion = 14.0.24720.0
MinimumVisualStudioVersion = 10.0.40219.1
Project("{FAE04EC0-301F-11D3-BF4B-00C04F79EFBC}") = "EconomicLab2", "EconomicLab2\EconomicLab2.csproj", "{196DC022-DFA1-47DE-B3F1-5BB34ADC9552}"
EndProject
Project("{FAE04EC0-301F-11D3-BF4B-00C04F79EFBC}") = "EconomicLab3", "EconomicLab3\EconomicLab3.csproj", "{34F7ED89-AA7E-454D-A346-6ED6E60D88F4}"
EndProject
Global
	GlobalSection(SolutionConfigurationPlatforms) = preSolution
		Debug|Any CPU = Debug|Any CPU
		Release|Any CPU = Release|Any CPU
	EndGlobalSection
	GlobalSection(ProjectConfigurationPlatforms) = postSolution
		{196DC022-DFA1-47DE-B3F1-5BB34ADC9552}.Debug|Any CPU.ActiveCfg = Debug|Any CPU
		{196DC022-DFA1-47DE-B3F1-5BB34ADC9552}.Debug|Any CPU.Build.0 = Debug|Any CPU
		{196DC022-DFA1-47DE-B3F1-5BB34ADC9552}.Release|Any CPU.ActiveCfg = Release|Any CPU
		{196DC022-DFA1-47DE-B3F1-5BB34ADC9552}.Release|Any CPU.Build.0 = Release|Any CPU
		{34F7ED89-AA7E-454D-A346-6ED6E60D88F4}.Debug|Any CPU.ActiveCfg = Debug|Any CPU
		{34F7ED89-AA7E-454D-A346-6ED6E60D88F4}.Debug|Any CPU.Build.0 = Debug|Any CPU
		{34F7ED89-AA7E-454D-A346-6ED6E60D88F4}.Release|Any CPU.ActiveCfg = Release|Any CPU
		{34F7ED89-AA7E-454D-A346-6ED6E60D88F4}.Release|Any CPU.Build.0 = Release|Any CPU
	EndGlobalSection
	GlobalSection(SolutionProperties) = preSolution
		HideSolutionNode = FALSE
	EndGlobalSection
EndGlobal
